// !$*UTF8*$!
{
	archiveVersion = 1;
	classes = {
	};
	objectVersion = 56;
	objects = {

/* Begin PBXBuildFile section */
		F01A9FD329D0502300F9F03E /* AppDelegate.swift in Sources */ = {isa = PBXBuildFile; fileRef = F01A9FD229D0502300F9F03E /* AppDelegate.swift */; };
		F01A9FD529D0502300F9F03E /* SceneDelegate.swift in Sources */ = {isa = PBXBuildFile; fileRef = F01A9FD429D0502300F9F03E /* SceneDelegate.swift */; };
		F01A9FDA29D0502300F9F03E /* Main.storyboard in Resources */ = {isa = PBXBuildFile; fileRef = F01A9FD829D0502300F9F03E /* Main.storyboard */; };
		F01A9FDC29D0502800F9F03E /* Assets.xcassets in Resources */ = {isa = PBXBuildFile; fileRef = F01A9FDB29D0502800F9F03E /* Assets.xcassets */; };
		F01A9FDF29D0502800F9F03E /* LaunchScreen.storyboard in Resources */ = {isa = PBXBuildFile; fileRef = F01A9FDD29D0502800F9F03E /* LaunchScreen.storyboard */; };
		F01A9FEA29D051E300F9F03E /* ButtonsViewController.swift in Sources */ = {isa = PBXBuildFile; fileRef = F01A9FE929D051E300F9F03E /* ButtonsViewController.swift */; };
		F01A9FED29D064D100F9F03E /* Position.swift in Sources */ = {isa = PBXBuildFile; fileRef = F01A9FEC29D064D100F9F03E /* Position.swift */; };
		F04622C129D0C226006113BB /* MultipleButtonsViewController.swift in Sources */ = {isa = PBXBuildFile; fileRef = F04622C029D0C225006113BB /* MultipleButtonsViewController.swift */; };
/* End PBXBuildFile section */

/* Begin PBXFileReference section */
		F01A9FCF29D0502300F9F03E /* ButtonStyle.app */ = {isa = PBXFileReference; explicitFileType = wrapper.application; includeInIndex = 0; path = ButtonStyle.app; sourceTree = BUILT_PRODUCTS_DIR; };
		F01A9FD229D0502300F9F03E /* AppDelegate.swift */ = {isa = PBXFileReference; lastKnownFileType = sourcecode.swift; path = AppDelegate.swift; sourceTree = "<group>"; };
		F01A9FD429D0502300F9F03E /* SceneDelegate.swift */ = {isa = PBXFileReference; lastKnownFileType = sourcecode.swift; path = SceneDelegate.swift; sourceTree = "<group>"; };
		F01A9FD929D0502300F9F03E /* Base */ = {isa = PBXFileReference; lastKnownFileType = file.storyboard; name = Base; path = Base.lproj/Main.storyboard; sourceTree = "<group>"; };
		F01A9FDB29D0502800F9F03E /* Assets.xcassets */ = {isa = PBXFileReference; lastKnownFileType = folder.assetcatalog; path = Assets.xcassets; sourceTree = "<group>"; };
		F01A9FDE29D0502800F9F03E /* Base */ = {isa = PBXFileReference; lastKnownFileType = file.storyboard; name = Base; path = Base.lproj/LaunchScreen.storyboard; sourceTree = "<group>"; };
		F01A9FE029D0502800F9F03E /* Info.plist */ = {isa = PBXFileReference; lastKnownFileType = text.plist.xml; path = Info.plist; sourceTree = "<group>"; };
		F01A9FE929D051E300F9F03E /* ButtonsViewController.swift */ = {isa = PBXFileReference; lastKnownFileType = sourcecode.swift; path = ButtonsViewController.swift; sourceTree = "<group>"; };
		F01A9FEC29D064D100F9F03E /* Position.swift */ = {isa = PBXFileReference; lastKnownFileType = sourcecode.swift; path = Position.swift; sourceTree = "<group>"; };
		F04622C029D0C225006113BB /* MultipleButtonsViewController.swift */ = {isa = PBXFileReference; lastKnownFileType = sourcecode.swift; path = MultipleButtonsViewController.swift; sourceTree = "<group>"; };
/* End PBXFileReference section */

/* Begin PBXFrameworksBuildPhase section */
		F01A9FCC29D0502300F9F03E /* Frameworks */ = {
			isa = PBXFrameworksBuildPhase;
			buildActionMask = 2147483647;
			files = (
			);
			runOnlyForDeploymentPostprocessing = 0;
		};
/* End PBXFrameworksBuildPhase section */

/* Begin PBXGroup section */
		F01A9FC629D0502300F9F03E = {
			isa = PBXGroup;
			children = (
				F01A9FD129D0502300F9F03E /* ButtonStyle */,
				F01A9FD029D0502300F9F03E /* Products */,
			);
			sourceTree = "<group>";
		};
		F01A9FD029D0502300F9F03E /* Products */ = {
			isa = PBXGroup;
			children = (
				F01A9FCF29D0502300F9F03E /* ButtonStyle.app */,
			);
			name = Products;
			sourceTree = "<group>";
		};
		F01A9FD129D0502300F9F03E /* ButtonStyle */ = {
			isa = PBXGroup;
			children = (
				F01A9FEB29D064C000F9F03E /* Model */,
				F01A9FE829D0509600F9F03E /* Controller */,
				F01A9FE729D0509000F9F03E /* View */,
				F01A9FE629D0507200F9F03E /* Other files */,
				F01A9FE029D0502800F9F03E /* Info.plist */,
			);
			path = ButtonStyle;
			sourceTree = "<group>";
		};
		F01A9FE629D0507200F9F03E /* Other files */ = {
			isa = PBXGroup;
			children = (
				F01A9FDB29D0502800F9F03E /* Assets.xcassets */,
				F01A9FDD29D0502800F9F03E /* LaunchScreen.storyboard */,
				F01A9FD229D0502300F9F03E /* AppDelegate.swift */,
				F01A9FD429D0502300F9F03E /* SceneDelegate.swift */,
			);
			path = "Other files";
			sourceTree = "<group>";
		};
		F01A9FE729D0509000F9F03E /* View */ = {
			isa = PBXGroup;
			children = (
				F01A9FD829D0502300F9F03E /* Main.storyboard */,
			);
			path = View;
			sourceTree = "<group>";
		};
		F01A9FE829D0509600F9F03E /* Controller */ = {
			isa = PBXGroup;
			children = (
				F01A9FE929D051E300F9F03E /* ButtonsViewController.swift */,
				F04622C029D0C225006113BB /* MultipleButtonsViewController.swift */,
			);
			path = Controller;
			sourceTree = "<group>";
		};
		F01A9FEB29D064C000F9F03E /* Model */ = {
			isa = PBXGroup;
			children = (
				F01A9FEC29D064D100F9F03E /* Position.swift */,
			);
			path = Model;
			sourceTree = "<group>";
		};
/* End PBXGroup section */

/* Begin PBXNativeTarget section */
		F01A9FCE29D0502300F9F03E /* ButtonStyle */ = {
			isa = PBXNativeTarget;
			buildConfigurationList = F01A9FE329D0502800F9F03E /* Build configuration list for PBXNativeTarget "ButtonStyle" */;
			buildPhases = (
				F01A9FCB29D0502300F9F03E /* Sources */,
				F01A9FCC29D0502300F9F03E /* Frameworks */,
				F01A9FCD29D0502300F9F03E /* Resources */,
			);
			buildRules = (
			);
			dependencies = (
			);
			name = ButtonStyle;
			productName = ButtonStyle;
			productReference = F01A9FCF29D0502300F9F03E /* ButtonStyle.app */;
			productType = "com.apple.product-type.application";
		};
/* End PBXNativeTarget section */

/* Begin PBXProject section */
		F01A9FC729D0502300F9F03E /* Project object */ = {
			isa = PBXProject;
			attributes = {
				BuildIndependentTargetsInParallel = 1;
				LastSwiftUpdateCheck = 1400;
				LastUpgradeCheck = 1400;
				TargetAttributes = {
					F01A9FCE29D0502300F9F03E = {
						CreatedOnToolsVersion = 14.0.1;
					};
				};
			};
			buildConfigurationList = F01A9FCA29D0502300F9F03E /* Build configuration list for PBXProject "ButtonStyle" */;
			compatibilityVersion = "Xcode 14.0";
			developmentRegion = en;
			hasScannedForEncodings = 0;
			knownRegions = (
				en,
				Base,
			);
			mainGroup = F01A9FC629D0502300F9F03E;
			productRefGroup = F01A9FD029D0502300F9F03E /* Products */;
			projectDirPath = "";
			projectRoot = "";
			targets = (
				F01A9FCE29D0502300F9F03E /* ButtonStyle */,
			);
		};
/* End PBXProject section */

/* Begin PBXResourcesBuildPhase section */
		F01A9FCD29D0502300F9F03E /* Resources */ = {
			isa = PBXResourcesBuildPhase;
			buildActionMask = 2147483647;
			files = (
				F01A9FDF29D0502800F9F03E /* LaunchScreen.storyboard in Resources */,
				F01A9FDC29D0502800F9F03E /* Assets.xcassets in Resources */,
				F01A9FDA29D0502300F9F03E /* Main.storyboard in Resources */,
			);
			runOnlyForDeploymentPostprocessing = 0;
		};
/* End PBXResourcesBuildPhase section */

/* Begin PBXSourcesBuildPhase section */
		F01A9FCB29D0502300F9F03E /* Sources */ = {
			isa = PBXSourcesBuildPhase;
			buildActionMask = 2147483647;
			files = (
				F04622C129D0C226006113BB /* MultipleButtonsViewController.swift in Sources */,
				F01A9FD329D0502300F9F03E /* AppDelegate.swift in Sources */,
				F01A9FEA29D051E300F9F03E /* ButtonsViewController.swift in Sources */,
				F01A9FED29D064D100F9F03E /* Position.swift in Sources */,
				F01A9FD529D0502300F9F03E /* SceneDelegate.swift in Sources */,
			);
			runOnlyForDeploymentPostprocessing = 0;
		};
/* End PBXSourcesBuildPhase section */

/* Begin PBXVariantGroup section */
		F01A9FD829D0502300F9F03E /* Main.storyboard */ = {
			isa = PBXVariantGroup;
			children = (
				F01A9FD929D0502300F9F03E /* Base */,
			);
			name = Main.storyboard;
			sourceTree = "<group>";
		};
		F01A9FDD29D0502800F9F03E /* LaunchScreen.storyboard */ = {
			isa = PBXVariantGroup;
			children = (
				F01A9FDE29D0502800F9F03E /* Base */,
			);
			name = LaunchScreen.storyboard;
			sourceTree = "<group>";
		};
/* End PBXVariantGroup section */

/* Begin XCBuildConfiguration section */
		F01A9FE129D0502800F9F03E /* Debug */ = {
			isa = XCBuildConfiguration;
			buildSettings = {
				ALWAYS_SEARCH_USER_PATHS = NO;
				CLANG_ANALYZER_NONNULL = YES;
				CLANG_ANALYZER_NUMBER_OBJECT_CONVERSION = YES_AGGRESSIVE;
				CLANG_CXX_LANGUAGE_STANDARD = "gnu++20";
				CLANG_ENABLE_MODULES = YES;
				CLANG_ENABLE_OBJC_ARC = YES;
				CLANG_ENABLE_OBJC_WEAK = YES;
				CLANG_WARN_BLOCK_CAPTURE_AUTORELEASING = YES;
				CLANG_WARN_BOOL_CONVERSION = YES;
				CLANG_WARN_COMMA = YES;
				CLANG_WARN_CONSTANT_CONVERSION = YES;
				CLANG_WARN_DEPRECATED_OBJC_IMPLEMENTATIONS = YES;
				CLANG_WARN_DIRECT_OBJC_ISA_USAGE = YES_ERROR;
				CLANG_WARN_DOCUMENTATION_COMMENTS = YES;
				CLANG_WARN_EMPTY_BODY = YES;
				CLANG_WARN_ENUM_CONVERSION = YES;
				CLANG_WARN_INFINITE_RECURSION = YES;
				CLANG_WARN_INT_CONVERSION = YES;
				CLANG_WARN_NON_LITERAL_NULL_CONVERSION = YES;
				CLANG_WARN_OBJC_IMPLICIT_RETAIN_SELF = YES;
				CLANG_WARN_OBJC_LITERAL_CONVERSION = YES;
				CLANG_WARN_OBJC_ROOT_CLASS = YES_ERROR;
				CLANG_WARN_QUOTED_INCLUDE_IN_FRAMEWORK_HEADER = YES;
				CLANG_WARN_RANGE_LOOP_ANALYSIS = YES;
				CLANG_WARN_STRICT_PROTOTYPES = YES;
				CLANG_WARN_SUSPICIOUS_MOVE = YES;
				CLANG_WARN_UNGUARDED_AVAILABILITY = YES_AGGRESSIVE;
				CLANG_WARN_UNREACHABLE_CODE = YES;
				CLANG_WARN__DUPLICATE_METHOD_MATCH = YES;
				COPY_PHASE_STRIP = NO;
				DEBUG_INFORMATION_FORMAT = dwarf;
				ENABLE_STRICT_OBJC_MSGSEND = YES;
				ENABLE_TESTABILITY = YES;
				GCC_C_LANGUAGE_STANDARD = gnu11;
				GCC_DYNAMIC_NO_PIC = NO;
				GCC_NO_COMMON_BLOCKS = YES;
				GCC_OPTIMIZATION_LEVEL = 0;
				GCC_PREPROCESSOR_DEFINITIONS = (
					"DEBUG=1",
					"$(inherited)",
				);
				GCC_WARN_64_TO_32_BIT_CONVERSION = YES;
				GCC_WARN_ABOUT_RETURN_TYPE = YES_ERROR;
				GCC_WARN_UNDECLARED_SELECTOR = YES;
				GCC_WARN_UNINITIALIZED_AUTOS = YES_AGGRESSIVE;
				GCC_WARN_UNUSED_FUNCTION = YES;
				GCC_WARN_UNUSED_VARIABLE = YES;
				IPHONEOS_DEPLOYMENT_TARGET = 16.0;
				MTL_ENABLE_DEBUG_INFO = INCLUDE_SOURCE;
				MTL_FAST_MATH = YES;
				ONLY_ACTIVE_ARCH = YES;
				SDKROOT = iphoneos;
				SWIFT_ACTIVE_COMPILATION_CONDITIONS = DEBUG;
				SWIFT_OPTIMIZATION_LEVEL = "-Onone";
			};
			name = Debug;
		};
		F01A9FE229D0502800F9F03E /* Release */ = {
			isa = XCBuildConfiguration;
			buildSettings = {
				ALWAYS_SEARCH_USER_PATHS = NO;
				CLANG_ANALYZER_NONNULL = YES;
				CLANG_ANALYZER_NUMBER_OBJECT_CONVERSION = YES_AGGRESSIVE;
				CLANG_CXX_LANGUAGE_STANDARD = "gnu++20";
				CLANG_ENABLE_MODULES = YES;
				CLANG_ENABLE_OBJC_ARC = YES;
				CLANG_ENABLE_OBJC_WEAK = YES;
				CLANG_WARN_BLOCK_CAPTURE_AUTORELEASING = YES;
				CLANG_WARN_BOOL_CONVERSION = YES;
				CLANG_WARN_COMMA = YES;
				CLANG_WARN_CONSTANT_CONVERSION = YES;
				CLANG_WARN_DEPRECATED_OBJC_IMPLEMENTATIONS = YES;
				CLANG_WARN_DIRECT_OBJC_ISA_USAGE = YES_ERROR;
				CLANG_WARN_DOCUMENTATION_COMMENTS = YES;
				CLANG_WARN_EMPTY_BODY = YES;
				CLANG_WARN_ENUM_CONVERSION = YES;
				CLANG_WARN_INFINITE_RECURSION = YES;
				CLANG_WARN_INT_CONVERSION = YES;
				CLANG_WARN_NON_LITERAL_NULL_CONVERSION = YES;
				CLANG_WARN_OBJC_IMPLICIT_RETAIN_SELF = YES;
				CLANG_WARN_OBJC_LITERAL_CONVERSION = YES;
				CLANG_WARN_OBJC_ROOT_CLASS = YES_ERROR;
				CLANG_WARN_QUOTED_INCLUDE_IN_FRAMEWORK_HEADER = YES;
				CLANG_WARN_RANGE_LOOP_ANALYSIS = YES;
				CLANG_WARN_STRICT_PROTOTYPES = YES;
				CLANG_WARN_SUSPICIOUS_MOVE = YES;
				CLANG_WARN_UNGUARDED_AVAILABILITY = YES_AGGRESSIVE;
				CLANG_WARN_UNREACHABLE_CODE = YES;
				CLANG_WARN__DUPLICATE_METHOD_MATCH = YES;
				COPY_PHASE_STRIP = NO;
				DEBUG_INFORMATION_FORMAT = "dwarf-with-dsym";
				ENABLE_NS_ASSERTIONS = NO;
				ENABLE_STRICT_OBJC_MSGSEND = YES;
				GCC_C_LANGUAGE_STANDARD = gnu11;
				GCC_NO_COMMON_BLOCKS = YES;
				GCC_WARN_64_TO_32_BIT_CONVERSION = YES;
				GCC_WARN_ABOUT_RETURN_TYPE = YES_ERROR;
				GCC_WARN_UNDECLARED_SELECTOR = YES;
				GCC_WARN_UNINITIALIZED_AUTOS = YES_AGGRESSIVE;
				GCC_WARN_UNUSED_FUNCTION = YES;
				GCC_WARN_UNUSED_VARIABLE = YES;
				IPHONEOS_DEPLOYMENT_TARGET = 16.0;
				MTL_ENABLE_DEBUG_INFO = NO;
				MTL_FAST_MATH = YES;
				SDKROOT = iphoneos;
				SWIFT_COMPILATION_MODE = wholemodule;
				SWIFT_OPTIMIZATION_LEVEL = "-O";
				VALIDATE_PRODUCT = YES;
			};
			name = Release;
		};
		F01A9FE429D0502800F9F03E /* Debug */ = {
			isa = XCBuildConfiguration;
			buildSettings = {
				ASSETCATALOG_COMPILER_APPICON_NAME = AppIcon;
				ASSETCATALOG_COMPILER_GLOBAL_ACCENT_COLOR_NAME = AccentColor;
				CODE_SIGN_STYLE = Automatic;
				CURRENT_PROJECT_VERSION = 1;
				DEVELOPMENT_TEAM = S47Y9QMPN2;
				GENERATE_INFOPLIST_FILE = YES;
				INFOPLIST_FILE = ButtonStyle/Info.plist;
				INFOPLIST_KEY_UIApplicationSupportsIndirectInputEvents = YES;
				INFOPLIST_KEY_UILaunchStoryboardName = LaunchScreen;
				INFOPLIST_KEY_UIMainStoryboardFile = Main;
				INFOPLIST_KEY_UISupportedInterfaceOrientations_iPad = "UIInterfaceOrientationPortrait UIInterfaceOrientationPortraitUpsideDown UIInterfaceOrientationLandscapeLeft UIInterfaceOrientationLandscapeRight";
				INFOPLIST_KEY_UISupportedInterfaceOrientations_iPhone = "UIInterfaceOrientationPortrait UIInterfaceOrientationLandscapeLeft UIInterfaceOrientationLandscapeRight";
				LD_RUNPATH_SEARCH_PATHS = (
					"$(inherited)",
					"@executable_path/Frameworks",
				);
				MARKETING_VERSION = 1.0;
				PRODUCT_BUNDLE_IDENTIFIER = fr.gdtr.ButtonStyle;
				PRODUCT_NAME = "$(TARGET_NAME)";
				SWIFT_EMIT_LOC_STRINGS = YES;
				SWIFT_VERSION = 5.0;
				TARGETED_DEVICE_FAMILY = "1,2";
			};
			name = Debug;
		};
		F01A9FE529D0502800F9F03E /* Release */ = {
			isa = XCBuildConfiguration;
			buildSettings = {
				ASSETCATALOG_COMPILER_APPICON_NAME = AppIcon;
				ASSETCATALOG_COMPILER_GLOBAL_ACCENT_COLOR_NAME = AccentColor;
				CODE_SIGN_STYLE = Automatic;
				CURRENT_PROJECT_VERSION = 1;
				DEVELOPMENT_TEAM = S47Y9QMPN2;
				GENERATE_INFOPLIST_FILE = YES;
				INFOPLIST_FILE = ButtonStyle/Info.plist;
				INFOPLIST_KEY_UIApplicationSupportsIndirectInputEvents = YES;
				INFOPLIST_KEY_UILaunchStoryboardName = LaunchScreen;
				INFOPLIST_KEY_UIMainStoryboardFile = Main;
				INFOPLIST_KEY_UISupportedInterfaceOrientations_iPad = "UIInterfaceOrientationPortrait UIInterfaceOrientationPortraitUpsideDown UIInterfaceOrientationLandscapeLeft UIInterfaceOrientationLandscapeRight";
				INFOPLIST_KEY_UISupportedInterfaceOrientations_iPhone = "UIInterfaceOrientationPortrait UIInterfaceOrientationLandscapeLeft UIInterfaceOrientationLandscapeRight";
				LD_RUNPATH_SEARCH_PATHS = (
					"$(inherited)",
					"@executable_path/Frameworks",
				);
				MARKETING_VERSION = 1.0;
				PRODUCT_BUNDLE_IDENTIFIER = fr.gdtr.ButtonStyle;
				PRODUCT_NAME = "$(TARGET_NAME)";
				SWIFT_EMIT_LOC_STRINGS = YES;
				SWIFT_VERSION = 5.0;
				TARGETED_DEVICE_FAMILY = "1,2";
			};
			name = Release;
		};
/* End XCBuildConfiguration section */

/* Begin XCConfigurationList section */
		F01A9FCA29D0502300F9F03E /* Build configuration list for PBXProject "ButtonStyle" */ = {
			isa = XCConfigurationList;
			buildConfigurations = (
				F01A9FE129D0502800F9F03E /* Debug */,
				F01A9FE229D0502800F9F03E /* Release */,
			);
			defaultConfigurationIsVisible = 0;
			defaultConfigurationName = Release;
		};
		F01A9FE329D0502800F9F03E /* Build configuration list for PBXNativeTarget "ButtonStyle" */ = {
			isa = XCConfigurationList;
			buildConfigurations = (
				F01A9FE429D0502800F9F03E /* Debug */,
				F01A9FE529D0502800F9F03E /* Release */,
			);
			defaultConfigurationIsVisible = 0;
			defaultConfigurationName = Release;
		};
/* End XCConfigurationList section */
	};
	rootObject = F01A9FC729D0502300F9F03E /* Project object */;
}
